// !$*UTF8*$!
{
	archiveVersion = 1;
	classes = {
	};
	objectVersion = 50;
	objects = {

/* Begin PBXBuildFile section */
		C75135CD285CFCE70051F15D /* AppDelegate.swift in Sources */ = {isa = PBXBuildFile; fileRef = C75135CC285CFCE70051F15D /* AppDelegate.swift */; };
		C75135CF285CFCE70051F15D /* SceneDelegate.swift in Sources */ = {isa = PBXBuildFile; fileRef = C75135CE285CFCE70051F15D /* SceneDelegate.swift */; };
		C75135D1285CFCE70051F15D /* ViewController.swift in Sources */ = {isa = PBXBuildFile; fileRef = C75135D0285CFCE70051F15D /* ViewController.swift */; };
		C75135D4285CFCE70051F15D /* Main.storyboard in Resources */ = {isa = PBXBuildFile; fileRef = C75135D2285CFCE70051F15D /* Main.storyboard */; };
		C75135D7285CFCE70051F15D /* ToDo_List.xcdatamodeld in Sources */ = {isa = PBXBuildFile; fileRef = C75135D5285CFCE70051F15D /* ToDo_List.xcdatamodeld */; };
		C75135D9285CFCEB0051F15D /* Assets.xcassets in Resources */ = {isa = PBXBuildFile; fileRef = C75135D8285CFCEB0051F15D /* Assets.xcassets */; };
		C75135DC285CFCEB0051F15D /* LaunchScreen.storyboard in Resources */ = {isa = PBXBuildFile; fileRef = C75135DA285CFCEB0051F15D /* LaunchScreen.storyboard */; };
		C75135E7285CFCEC0051F15D /* ToDo_ListTests.swift in Sources */ = {isa = PBXBuildFile; fileRef = C75135E6285CFCEC0051F15D /* ToDo_ListTests.swift */; };
		C75135F2285CFCEC0051F15D /* ToDo_ListUITests.swift in Sources */ = {isa = PBXBuildFile; fileRef = C75135F1285CFCEC0051F15D /* ToDo_ListUITests.swift */; };
/* End PBXBuildFile section */

/* Begin PBXContainerItemProxy section */
		C75135E3285CFCEC0051F15D /* PBXContainerItemProxy */ = {
			isa = PBXContainerItemProxy;
			containerPortal = C75135C1285CFCE60051F15D /* Project object */;
			proxyType = 1;
			remoteGlobalIDString = C75135C8285CFCE70051F15D;
			remoteInfo = "ToDo List";
		};
		C75135EE285CFCEC0051F15D /* PBXContainerItemProxy */ = {
			isa = PBXContainerItemProxy;
			containerPortal = C75135C1285CFCE60051F15D /* Project object */;
			proxyType = 1;
			remoteGlobalIDString = C75135C8285CFCE70051F15D;
			remoteInfo = "ToDo List";
		};
/* End PBXContainerItemProxy section */

/* Begin PBXFileReference section */
		C75135C9285CFCE70051F15D /* ToDo List.app */ = {isa = PBXFileReference; explicitFileType = wrapper.application; includeInIndex = 0; path = "ToDo List.app"; sourceTree = BUILT_PRODUCTS_DIR; };
		C75135CC285CFCE70051F15D /* AppDelegate.swift */ = {isa = PBXFileReference; lastKnownFileType = sourcecode.swift; path = AppDelegate.swift; sourceTree = "<group>"; };
		C75135CE285CFCE70051F15D /* SceneDelegate.swift */ = {isa = PBXFileReference; lastKnownFileType = sourcecode.swift; path = SceneDelegate.swift; sourceTree = "<group>"; };
		C75135D0285CFCE70051F15D /* ViewController.swift */ = {isa = PBXFileReference; lastKnownFileType = sourcecode.swift; path = ViewController.swift; sourceTree = "<group>"; };
		C75135D3285CFCE70051F15D /* Base */ = {isa = PBXFileReference; lastKnownFileType = file.storyboard; name = Base; path = Base.lproj/Main.storyboard; sourceTree = "<group>"; };
		C75135D6285CFCE70051F15D /* ToDo_List.xcdatamodel */ = {isa = PBXFileReference; lastKnownFileType = wrapper.xcdatamodel; path = ToDo_List.xcdatamodel; sourceTree = "<group>"; };
		C75135D8285CFCEB0051F15D /* Assets.xcassets */ = {isa = PBXFileReference; lastKnownFileType = folder.assetcatalog; path = Assets.xcassets; sourceTree = "<group>"; };
		C75135DB285CFCEB0051F15D /* Base */ = {isa = PBXFileReference; lastKnownFileType = file.storyboard; name = Base; path = Base.lproj/LaunchScreen.storyboard; sourceTree = "<group>"; };
		C75135DD285CFCEB0051F15D /* Info.plist */ = {isa = PBXFileReference; lastKnownFileType = text.plist.xml; path = Info.plist; sourceTree = "<group>"; };
		C75135E2285CFCEC0051F15D /* ToDo ListTests.xctest */ = {isa = PBXFileReference; explicitFileType = wrapper.cfbundle; includeInIndex = 0; path = "ToDo ListTests.xctest"; sourceTree = BUILT_PRODUCTS_DIR; };
		C75135E6285CFCEC0051F15D /* ToDo_ListTests.swift */ = {isa = PBXFileReference; lastKnownFileType = sourcecode.swift; path = ToDo_ListTests.swift; sourceTree = "<group>"; };
		C75135E8285CFCEC0051F15D /* Info.plist */ = {isa = PBXFileReference; lastKnownFileType = text.plist.xml; path = Info.plist; sourceTree = "<group>"; };
		C75135ED285CFCEC0051F15D /* ToDo ListUITests.xctest */ = {isa = PBXFileReference; explicitFileType = wrapper.cfbundle; includeInIndex = 0; path = "ToDo ListUITests.xctest"; sourceTree = BUILT_PRODUCTS_DIR; };
		C75135F1285CFCEC0051F15D /* ToDo_ListUITests.swift */ = {isa = PBXFileReference; lastKnownFileType = sourcecode.swift; path = ToDo_ListUITests.swift; sourceTree = "<group>"; };
		C75135F3285CFCEC0051F15D /* Info.plist */ = {isa = PBXFileReference; lastKnownFileType = text.plist.xml; path = Info.plist; sourceTree = "<group>"; };
/* End PBXFileReference section */

/* Begin PBXFrameworksBuildPhase section */
		C75135C6285CFCE70051F15D /* Frameworks */ = {
			isa = PBXFrameworksBuildPhase;
			buildActionMask = 2147483647;
			files = (
			);
			runOnlyForDeploymentPostprocessing = 0;
		};
		C75135DF285CFCEC0051F15D /* Frameworks */ = {
			isa = PBXFrameworksBuildPhase;
			buildActionMask = 2147483647;
			files = (
			);
			runOnlyForDeploymentPostprocessing = 0;
		};
		C75135EA285CFCEC0051F15D /* Frameworks */ = {
			isa = PBXFrameworksBuildPhase;
			buildActionMask = 2147483647;
			files = (
			);
			runOnlyForDeploymentPostprocessing = 0;
		};
/* End PBXFrameworksBuildPhase section */

/* Begin PBXGroup section */
		C75135C0285CFCE60051F15D = {
			isa = PBXGroup;
			children = (
				C75135CB285CFCE70051F15D /* ToDo List */,
				C75135E5285CFCEC0051F15D /* ToDo ListTests */,
				C75135F0285CFCEC0051F15D /* ToDo ListUITests */,
				C75135CA285CFCE70051F15D /* Products */,
			);
			sourceTree = "<group>";
		};
		C75135CA285CFCE70051F15D /* Products */ = {
			isa = PBXGroup;
			children = (
				C75135C9285CFCE70051F15D /* ToDo List.app */,
				C75135E2285CFCEC0051F15D /* ToDo ListTests.xctest */,
				C75135ED285CFCEC0051F15D /* ToDo ListUITests.xctest */,
			);
			name = Products;
			sourceTree = "<group>";
		};
		C75135CB285CFCE70051F15D /* ToDo List */ = {
			isa = PBXGroup;
			children = (
				C75135CC285CFCE70051F15D /* AppDelegate.swift */,
				C75135CE285CFCE70051F15D /* SceneDelegate.swift */,
				C75135D0285CFCE70051F15D /* ViewController.swift */,
				C75135D2285CFCE70051F15D /* Main.storyboard */,
				C75135D8285CFCEB0051F15D /* Assets.xcassets */,
				C75135DA285CFCEB0051F15D /* LaunchScreen.storyboard */,
				C75135DD285CFCEB0051F15D /* Info.plist */,
				C75135D5285CFCE70051F15D /* ToDo_List.xcdatamodeld */,
			);
			path = "ToDo List";
			sourceTree = "<group>";
		};
		C75135E5285CFCEC0051F15D /* ToDo ListTests */ = {
			isa = PBXGroup;
			children = (
				C75135E6285CFCEC0051F15D /* ToDo_ListTests.swift */,
				C75135E8285CFCEC0051F15D /* Info.plist */,
			);
			path = "ToDo ListTests";
			sourceTree = "<group>";
		};
		C75135F0285CFCEC0051F15D /* ToDo ListUITests */ = {
			isa = PBXGroup;
			children = (
				C75135F1285CFCEC0051F15D /* ToDo_ListUITests.swift */,
				C75135F3285CFCEC0051F15D /* Info.plist */,
			);
			path = "ToDo ListUITests";
			sourceTree = "<group>";
		};
/* End PBXGroup section */

/* Begin PBXNativeTarget section */
		C75135C8285CFCE70051F15D /* ToDo List */ = {
			isa = PBXNativeTarget;
			buildConfigurationList = C75135F6285CFCEC0051F15D /* Build configuration list for PBXNativeTarget "ToDo List" */;
			buildPhases = (
				C75135C5285CFCE70051F15D /* Sources */,
				C75135C6285CFCE70051F15D /* Frameworks */,
				C75135C7285CFCE70051F15D /* Resources */,
			);
			buildRules = (
			);
			dependencies = (
			);
			name = "ToDo List";
			productName = "ToDo List";
			productReference = C75135C9285CFCE70051F15D /* ToDo List.app */;
			productType = "com.apple.product-type.application";
		};
		C75135E1285CFCEC0051F15D /* ToDo ListTests */ = {
			isa = PBXNativeTarget;
			buildConfigurationList = C75135F9285CFCEC0051F15D /* Build configuration list for PBXNativeTarget "ToDo ListTests" */;
			buildPhases = (
				C75135DE285CFCEC0051F15D /* Sources */,
				C75135DF285CFCEC0051F15D /* Frameworks */,
				C75135E0285CFCEC0051F15D /* Resources */,
			);
			buildRules = (
			);
			dependencies = (
				C75135E4285CFCEC0051F15D /* PBXTargetDependency */,
			);
			name = "ToDo ListTests";
			productName = "ToDo ListTests";
			productReference = C75135E2285CFCEC0051F15D /* ToDo ListTests.xctest */;
			productType = "com.apple.product-type.bundle.unit-test";
		};
		C75135EC285CFCEC0051F15D /* ToDo ListUITests */ = {
			isa = PBXNativeTarget;
			buildConfigurationList = C75135FC285CFCEC0051F15D /* Build configuration list for PBXNativeTarget "ToDo ListUITests" */;
			buildPhases = (
				C75135E9285CFCEC0051F15D /* Sources */,
				C75135EA285CFCEC0051F15D /* Frameworks */,
				C75135EB285CFCEC0051F15D /* Resources */,
			);
			buildRules = (
			);
			dependencies = (
				C75135EF285CFCEC0051F15D /* PBXTargetDependency */,
			);
			name = "ToDo ListUITests";
			productName = "ToDo ListUITests";
			productReference = C75135ED285CFCEC0051F15D /* ToDo ListUITests.xctest */;
			productType = "com.apple.product-type.bundle.ui-testing";
		};
/* End PBXNativeTarget section */

/* Begin PBXProject section */
		C75135C1285CFCE60051F15D /* Project object */ = {
			isa = PBXProject;
			attributes = {
				LastSwiftUpdateCheck = 1240;
				LastUpgradeCheck = 1240;
				TargetAttributes = {
					C75135C8285CFCE70051F15D = {
						CreatedOnToolsVersion = 12.4;
					};
					C75135E1285CFCEC0051F15D = {
						CreatedOnToolsVersion = 12.4;
						TestTargetID = C75135C8285CFCE70051F15D;
					};
					C75135EC285CFCEC0051F15D = {
						CreatedOnToolsVersion = 12.4;
						TestTargetID = C75135C8285CFCE70051F15D;
					};
				};
			};
			buildConfigurationList = C75135C4285CFCE60051F15D /* Build configuration list for PBXProject "ToDo List" */;
			compatibilityVersion = "Xcode 9.3";
			developmentRegion = en;
			hasScannedForEncodings = 0;
			knownRegions = (
				en,
				Base,
			);
			mainGroup = C75135C0285CFCE60051F15D;
			productRefGroup = C75135CA285CFCE70051F15D /* Products */;
			projectDirPath = "";
			projectRoot = "";
			targets = (
				C75135C8285CFCE70051F15D /* ToDo List */,
				C75135E1285CFCEC0051F15D /* ToDo ListTests */,
				C75135EC285CFCEC0051F15D /* ToDo ListUITests */,
			);
		};
/* End PBXProject section */

/* Begin PBXResourcesBuildPhase section */
		C75135C7285CFCE70051F15D /* Resources */ = {
			isa = PBXResourcesBuildPhase;
			buildActionMask = 2147483647;
			files = (
				C75135DC285CFCEB0051F15D /* LaunchScreen.storyboard in Resources */,
				C75135D9285CFCEB0051F15D /* Assets.xcassets in Resources */,
				C75135D4285CFCE70051F15D /* Main.storyboard in Resources */,
			);
			runOnlyForDeploymentPostprocessing = 0;
		};
		C75135E0285CFCEC0051F15D /* Resources */ = {
			isa = PBXResourcesBuildPhase;
			buildActionMask = 2147483647;
			files = (
			);
			runOnlyForDeploymentPostprocessing = 0;
		};
		C75135EB285CFCEC0051F15D /* Resources */ = {
			isa = PBXResourcesBuildPhase;
			buildActionMask = 2147483647;
			files = (
			);
			runOnlyForDeploymentPostprocessing = 0;
		};
/* End PBXResourcesBuildPhase section */

/* Begin PBXSourcesBuildPhase section */
		C75135C5285CFCE70051F15D /* Sources */ = {
			isa = PBXSourcesBuildPhase;
			buildActionMask = 2147483647;
			files = (
				C75135D1285CFCE70051F15D /* ViewController.swift in Sources */,
				C75135CD285CFCE70051F15D /* AppDelegate.swift in Sources */,
				C75135CF285CFCE70051F15D /* SceneDelegate.swift in Sources */,
				C75135D7285CFCE70051F15D /* ToDo_List.xcdatamodeld in Sources */,
			);
			runOnlyForDeploymentPostprocessing = 0;
		};
		C75135DE285CFCEC0051F15D /* Sources */ = {
			isa = PBXSourcesBuildPhase;
			buildActionMask = 2147483647;
			files = (
				C75135E7285CFCEC0051F15D /* ToDo_ListTests.swift in Sources */,
			);
			runOnlyForDeploymentPostprocessing = 0;
		};
		C75135E9285CFCEC0051F15D /* Sources */ = {
			isa = PBXSourcesBuildPhase;
			buildActionMask = 2147483647;
			files = (
				C75135F2285CFCEC0051F15D /* ToDo_ListUITests.swift in Sources */,
			);
			runOnlyForDeploymentPostprocessing = 0;
		};
/* End PBXSourcesBuildPhase section */

/* Begin PBXTargetDependency section */
		C75135E4285CFCEC0051F15D /* PBXTargetDependency */ = {
			isa = PBXTargetDependency;
			target = C75135C8285CFCE70051F15D /* ToDo List */;
			targetProxy = C75135E3285CFCEC0051F15D /* PBXContainerItemProxy */;
		};
		C75135EF285CFCEC0051F15D /* PBXTargetDependency */ = {
			isa = PBXTargetDependency;
			target = C75135C8285CFCE70051F15D /* ToDo List */;
			targetProxy = C75135EE285CFCEC0051F15D /* PBXContainerItemProxy */;
		};
/* End PBXTargetDependency section */

/* Begin PBXVariantGroup section */
		C75135D2285CFCE70051F15D /* Main.storyboard */ = {
			isa = PBXVariantGroup;
			children = (
				C75135D3285CFCE70051F15D /* Base */,
			);
			name = Main.storyboard;
			sourceTree = "<group>";
		};
		C75135DA285CFCEB0051F15D /* LaunchScreen.storyboard */ = {
			isa = PBXVariantGroup;
			children = (
				C75135DB285CFCEB0051F15D /* Base */,
			);
			name = LaunchScreen.storyboard;
			sourceTree = "<group>";
		};
/* End PBXVariantGroup section */

/* Begin XCBuildConfiguration section */
		C75135F4285CFCEC0051F15D /* Debug */ = {
			isa = XCBuildConfiguration;
			buildSettings = {
				ALWAYS_SEARCH_USER_PATHS = NO;
				CLANG_ANALYZER_NONNULL = YES;
				CLANG_ANALYZER_NUMBER_OBJECT_CONVERSION = YES_AGGRESSIVE;
				CLANG_CXX_LANGUAGE_STANDARD = "gnu++14";
				CLANG_CXX_LIBRARY = "libc++";
				CLANG_ENABLE_MODULES = YES;
				CLANG_ENABLE_OBJC_ARC = YES;
				CLANG_ENABLE_OBJC_WEAK = YES;
				CLANG_WARN_BLOCK_CAPTURE_AUTORELEASING = YES;
				CLANG_WARN_BOOL_CONVERSION = YES;
				CLANG_WARN_COMMA = YES;
				CLANG_WARN_CONSTANT_CONVERSION = YES;
				CLANG_WARN_DEPRECATED_OBJC_IMPLEMENTATIONS = YES;
				CLANG_WARN_DIRECT_OBJC_ISA_USAGE = YES_ERROR;
				CLANG_WARN_DOCUMENTATION_COMMENTS = YES;
				CLANG_WARN_EMPTY_BODY = YES;
				CLANG_WARN_ENUM_CONVERSION = YES;
				CLANG_WARN_INFINITE_RECURSION = YES;
				CLANG_WARN_INT_CONVERSION = YES;
				CLANG_WARN_NON_LITERAL_NULL_CONVERSION = YES;
				CLANG_WARN_OBJC_IMPLICIT_RETAIN_SELF = YES;
				CLANG_WARN_OBJC_LITERAL_CONVERSION = YES;
				CLANG_WARN_OBJC_ROOT_CLASS = YES_ERROR;
				CLANG_WARN_QUOTED_INCLUDE_IN_FRAMEWORK_HEADER = YES;
				CLANG_WARN_RANGE_LOOP_ANALYSIS = YES;
				CLANG_WARN_STRICT_PROTOTYPES = YES;
				CLANG_WARN_SUSPICIOUS_MOVE = YES;
				CLANG_WARN_UNGUARDED_AVAILABILITY = YES_AGGRESSIVE;
				CLANG_WARN_UNREACHABLE_CODE = YES;
				CLANG_WARN__DUPLICATE_METHOD_MATCH = YES;
				COPY_PHASE_STRIP = NO;
				DEBUG_INFORMATION_FORMAT = dwarf;
				ENABLE_STRICT_OBJC_MSGSEND = YES;
				ENABLE_TESTABILITY = YES;
				GCC_C_LANGUAGE_STANDARD = gnu11;
				GCC_DYNAMIC_NO_PIC = NO;
				GCC_NO_COMMON_BLOCKS = YES;
				GCC_OPTIMIZATION_LEVEL = 0;
				GCC_PREPROCESSOR_DEFINITIONS = (
					"DEBUG=1",
					"$(inherited)",
				);
				GCC_WARN_64_TO_32_BIT_CONVERSION = YES;
				GCC_WARN_ABOUT_RETURN_TYPE = YES_ERROR;
				GCC_WARN_UNDECLARED_SELECTOR = YES;
				GCC_WARN_UNINITIALIZED_AUTOS = YES_AGGRESSIVE;
				GCC_WARN_UNUSED_FUNCTION = YES;
				GCC_WARN_UNUSED_VARIABLE = YES;
				IPHONEOS_DEPLOYMENT_TARGET = 14.4;
				MTL_ENABLE_DEBUG_INFO = INCLUDE_SOURCE;
				MTL_FAST_MATH = YES;
				ONLY_ACTIVE_ARCH = YES;
				SDKROOT = iphoneos;
				SWIFT_ACTIVE_COMPILATION_CONDITIONS = DEBUG;
				SWIFT_OPTIMIZATION_LEVEL = "-Onone";
			};
			name = Debug;
		};
		C75135F5285CFCEC0051F15D /* Release */ = {
			isa = XCBuildConfiguration;
			buildSettings = {
				ALWAYS_SEARCH_USER_PATHS = NO;
				CLANG_ANALYZER_NONNULL = YES;
				CLANG_ANALYZER_NUMBER_OBJECT_CONVERSION = YES_AGGRESSIVE;
				CLANG_CXX_LANGUAGE_STANDARD = "gnu++14";
				CLANG_CXX_LIBRARY = "libc++";
				CLANG_ENABLE_MODULES = YES;
				CLANG_ENABLE_OBJC_ARC = YES;
				CLANG_ENABLE_OBJC_WEAK = YES;
				CLANG_WARN_BLOCK_CAPTURE_AUTORELEASING = YES;
				CLANG_WARN_BOOL_CONVERSION = YES;
				CLANG_WARN_COMMA = YES;
				CLANG_WARN_CONSTANT_CONVERSION = YES;
				CLANG_WARN_DEPRECATED_OBJC_IMPLEMENTATIONS = YES;
				CLANG_WARN_DIRECT_OBJC_ISA_USAGE = YES_ERROR;
				CLANG_WARN_DOCUMENTATION_COMMENTS = YES;
				CLANG_WARN_EMPTY_BODY = YES;
				CLANG_WARN_ENUM_CONVERSION = YES;
				CLANG_WARN_INFINITE_RECURSION = YES;
				CLANG_WARN_INT_CONVERSION = YES;
				CLANG_WARN_NON_LITERAL_NULL_CONVERSION = YES;
				CLANG_WARN_OBJC_IMPLICIT_RETAIN_SELF = YES;
				CLANG_WARN_OBJC_LITERAL_CONVERSION = YES;
				CLANG_WARN_OBJC_ROOT_CLASS = YES_ERROR;
				CLANG_WARN_QUOTED_INCLUDE_IN_FRAMEWORK_HEADER = YES;
				CLANG_WARN_RANGE_LOOP_ANALYSIS = YES;
				CLANG_WARN_STRICT_PROTOTYPES = YES;
				CLANG_WARN_SUSPICIOUS_MOVE = YES;
				CLANG_WARN_UNGUARDED_AVAILABILITY = YES_AGGRESSIVE;
				CLANG_WARN_UNREACHABLE_CODE = YES;
				CLANG_WARN__DUPLICATE_METHOD_MATCH = YES;
				COPY_PHASE_STRIP = NO;
				DEBUG_INFORMATION_FORMAT = "dwarf-with-dsym";
				ENABLE_NS_ASSERTIONS = NO;
				ENABLE_STRICT_OBJC_MSGSEND = YES;
				GCC_C_LANGUAGE_STANDARD = gnu11;
				GCC_NO_COMMON_BLOCKS = YES;
				GCC_WARN_64_TO_32_BIT_CONVERSION = YES;
				GCC_WARN_ABOUT_RETURN_TYPE = YES_ERROR;
				GCC_WARN_UNDECLARED_SELECTOR = YES;
				GCC_WARN_UNINITIALIZED_AUTOS = YES_AGGRESSIVE;
				GCC_WARN_UNUSED_FUNCTION = YES;
				GCC_WARN_UNUSED_VARIABLE = YES;
				IPHONEOS_DEPLOYMENT_TARGET = 14.4;
				MTL_ENABLE_DEBUG_INFO = NO;
				MTL_FAST_MATH = YES;
				SDKROOT = iphoneos;
				SWIFT_COMPILATION_MODE = wholemodule;
				SWIFT_OPTIMIZATION_LEVEL = "-O";
				VALIDATE_PRODUCT = YES;
			};
			name = Release;
		};
		C75135F7285CFCEC0051F15D /* Debug */ = {
			isa = XCBuildConfiguration;
			buildSettings = {
				ASSETCATALOG_COMPILER_APPICON_NAME = AppIcon;
				ASSETCATALOG_COMPILER_GLOBAL_ACCENT_COLOR_NAME = AccentColor;
				CODE_SIGN_STYLE = Automatic;
				INFOPLIST_FILE = "ToDo List/Info.plist";
				LD_RUNPATH_SEARCH_PATHS = (
					"$(inherited)",
					"@executable_path/Frameworks",
				);
				PRODUCT_BUNDLE_IDENTIFIER = "com.meghana.ToDo-List";
				PRODUCT_NAME = "$(TARGET_NAME)";
				SWIFT_VERSION = 5.0;
				TARGETED_DEVICE_FAMILY = "1,2";
			};
			name = Debug;
		};
		C75135F8285CFCEC0051F15D /* Release */ = {
			isa = XCBuildConfiguration;
			buildSettings = {
				ASSETCATALOG_COMPILER_APPICON_NAME = AppIcon;
				ASSETCATALOG_COMPILER_GLOBAL_ACCENT_COLOR_NAME = AccentColor;
				CODE_SIGN_STYLE = Automatic;
				INFOPLIST_FILE = "ToDo List/Info.plist";
				LD_RUNPATH_SEARCH_PATHS = (
					"$(inherited)",
					"@executable_path/Frameworks",
				);
				PRODUCT_BUNDLE_IDENTIFIER = "com.meghana.ToDo-List";
				PRODUCT_NAME = "$(TARGET_NAME)";
				SWIFT_VERSION = 5.0;
				TARGETED_DEVICE_FAMILY = "1,2";
			};
			name = Release;
		};
		C75135FA285CFCEC0051F15D /* Debug */ = {
			isa = XCBuildConfiguration;
			buildSettings = {
				ALWAYS_EMBED_SWIFT_STANDARD_LIBRARIES = YES;
				BUNDLE_LOADER = "$(TEST_HOST)";
				CODE_SIGN_STYLE = Automatic;
				INFOPLIST_FILE = "ToDo ListTests/Info.plist";
				IPHONEOS_DEPLOYMENT_TARGET = 14.4;
				LD_RUNPATH_SEARCH_PATHS = (
					"$(inherited)",
					"@executable_path/Frameworks",
					"@loader_path/Frameworks",
				);
				PRODUCT_BUNDLE_IDENTIFIER = "com.meghana.ToDo-ListTests";
				PRODUCT_NAME = "$(TARGET_NAME)";
				SWIFT_VERSION = 5.0;
				TARGETED_DEVICE_FAMILY = "1,2";
				TEST_HOST = "$(BUILT_PRODUCTS_DIR)/ToDo List.app/ToDo List";
			};
			name = Debug;
		};
		C75135FB285CFCEC0051F15D /* Release */ = {
			isa = XCBuildConfiguration;
			buildSettings = {
				ALWAYS_EMBED_SWIFT_STANDARD_LIBRARIES = YES;
				BUNDLE_LOADER = "$(TEST_HOST)";
				CODE_SIGN_STYLE = Automatic;
				INFOPLIST_FILE = "ToDo ListTests/Info.plist";
				IPHONEOS_DEPLOYMENT_TARGET = 14.4;
				LD_RUNPATH_SEARCH_PATHS = (
					"$(inherited)",
					"@executable_path/Frameworks",
					"@loader_path/Frameworks",
				);
				PRODUCT_BUNDLE_IDENTIFIER = "com.meghana.ToDo-ListTests";
				PRODUCT_NAME = "$(TARGET_NAME)";
				SWIFT_VERSION = 5.0;
				TARGETED_DEVICE_FAMILY = "1,2";
				TEST_HOST = "$(BUILT_PRODUCTS_DIR)/ToDo List.app/ToDo List";
			};
			name = Release;
		};
		C75135FD285CFCEC0051F15D /* Debug */ = {
			isa = XCBuildConfiguration;
			buildSettings = {
				ALWAYS_EMBED_SWIFT_STANDARD_LIBRARIES = YES;
				CODE_SIGN_STYLE = Automatic;
				INFOPLIST_FILE = "ToDo ListUITests/Info.plist";
				LD_RUNPATH_SEARCH_PATHS = (
					"$(inherited)",
					"@executable_path/Frameworks",
					"@loader_path/Frameworks",
				);
				PRODUCT_BUNDLE_IDENTIFIER = "com.meghana.ToDo-ListUITests";
				PRODUCT_NAME = "$(TARGET_NAME)";
				SWIFT_VERSION = 5.0;
				TARGETED_DEVICE_FAMILY = "1,2";
				TEST_TARGET_NAME = "ToDo List";
			};
			name = Debug;
		};
		C75135FE285CFCEC0051F15D /* Release */ = {
			isa = XCBuildConfiguration;
			buildSettings = {
				ALWAYS_EMBED_SWIFT_STANDARD_LIBRARIES = YES;
				CODE_SIGN_STYLE = Automatic;
				INFOPLIST_FILE = "ToDo ListUITests/Info.plist";
				LD_RUNPATH_SEARCH_PATHS = (
					"$(inherited)",
					"@executable_path/Frameworks",
					"@loader_path/Frameworks",
				);
				PRODUCT_BUNDLE_IDENTIFIER = "com.meghana.ToDo-ListUITests";
				PRODUCT_NAME = "$(TARGET_NAME)";
				SWIFT_VERSION = 5.0;
				TARGETED_DEVICE_FAMILY = "1,2";
				TEST_TARGET_NAME = "ToDo List";
			};
			name = Release;
		};
/* End XCBuildConfiguration section */

/* Begin XCConfigurationList section */
		C75135C4285CFCE60051F15D /* Build configuration list for PBXProject "ToDo List" */ = {
			isa = XCConfigurationList;
			buildConfigurations = (
				C75135F4285CFCEC0051F15D /* Debug */,
				C75135F5285CFCEC0051F15D /* Release */,
			);
			defaultConfigurationIsVisible = 0;
			defaultConfigurationName = Release;
		};
		C75135F6285CFCEC0051F15D /* Build configuration list for PBXNativeTarget "ToDo List" */ = {
			isa = XCConfigurationList;
			buildConfigurations = (
				C75135F7285CFCEC0051F15D /* Debug */,
				C75135F8285CFCEC0051F15D /* Release */,
			);
			defaultConfigurationIsVisible = 0;
			defaultConfigurationName = Release;
		};
		C75135F9285CFCEC0051F15D /* Build configuration list for PBXNativeTarget "ToDo ListTests" */ = {
			isa = XCConfigurationList;
			buildConfigurations = (
				C75135FA285CFCEC0051F15D /* Debug */,
				C75135FB285CFCEC0051F15D /* Release */,
			);
			defaultConfigurationIsVisible = 0;
			defaultConfigurationName = Release;
		};
		C75135FC285CFCEC0051F15D /* Build configuration list for PBXNativeTarget "ToDo ListUITests" */ = {
			isa = XCConfigurationList;
			buildConfigurations = (
				C75135FD285CFCEC0051F15D /* Debug */,
				C75135FE285CFCEC0051F15D /* Release */,
			);
			defaultConfigurationIsVisible = 0;
			defaultConfigurationName = Release;
		};
/* End XCConfigurationList section */

/* Begin XCVersionGroup section */
		C75135D5285CFCE70051F15D /* ToDo_List.xcdatamodeld */ = {
			isa = XCVersionGroup;
			children = (
				C75135D6285CFCE70051F15D /* ToDo_List.xcdatamodel */,
			);
			currentVersion = C75135D6285CFCE70051F15D /* ToDo_List.xcdatamodel */;
			path = ToDo_List.xcdatamodeld;
			sourceTree = "<group>";
			versionGroupType = wrapper.xcdatamodel;
		};
/* End XCVersionGroup section */
	};
	rootObject = C75135C1285CFCE60051F15D /* Project object */;
}
